
Microsoft Visual Studio Solution File, Format Version 12.00
# Visual Studio Version 16
VisualStudioVersion = 16.0.31005.135
MinimumVisualStudioVersion = 10.0.40219.1
Project("{FAE04EC0-301F-11D3-BF4B-00C04F79EFBC}") = "Amedia.UI", "Amedia.UI\Amedia.UI.csproj", "{B2A2ECE3-1AAB-468C-8D59-C8B14992BE56}"
EndProject
Project("{FAE04EC0-301F-11D3-BF4B-00C04F79EFBC}") = "Amedia.Model", "Amedia.Model\Amedia.Model.csproj", "{B6C4FE63-CFF3-4411-BFF7-C4AFAC8CBCA7}"
EndProject
Project("{FAE04EC0-301F-11D3-BF4B-00C04F79EFBC}") = "Amedia.Data.Dapper", "Amedia.Data.Dapper\Amedia.Data.Dapper.csproj", "{4A02C7F8-41D4-4DEF-A90D-9B342A504EF6}"
EndProject
Global
	GlobalSection(SolutionConfigurationPlatforms) = preSolution
		Debug|Any CPU = Debug|Any CPU
		Release|Any CPU = Release|Any CPU
	EndGlobalSection
	GlobalSection(ProjectConfigurationPlatforms) = postSolution
		{B2A2ECE3-1AAB-468C-8D59-C8B14992BE56}.Debug|Any CPU.ActiveCfg = Debug|Any CPU
		{B2A2ECE3-1AAB-468C-8D59-C8B14992BE56}.Debug|Any CPU.Build.0 = Debug|Any CPU
		{B2A2ECE3-1AAB-468C-8D59-C8B14992BE56}.Release|Any CPU.ActiveCfg = Release|Any CPU
		{B2A2ECE3-1AAB-468C-8D59-C8B14992BE56}.Release|Any CPU.Build.0 = Release|Any CPU
		{B6C4FE63-CFF3-4411-BFF7-C4AFAC8CBCA7}.Debug|Any CPU.ActiveCfg = Debug|Any CPU
		{B6C4FE63-CFF3-4411-BFF7-C4AFAC8CBCA7}.Debug|Any CPU.Build.0 = Debug|Any CPU
		{B6C4FE63-CFF3-4411-BFF7-C4AFAC8CBCA7}.Release|Any CPU.ActiveCfg = Release|Any CPU
		{B6C4FE63-CFF3-4411-BFF7-C4AFAC8CBCA7}.Release|Any CPU.Build.0 = Release|Any CPU
		{4A02C7F8-41D4-4DEF-A90D-9B342A504EF6}.Debug|Any CPU.ActiveCfg = Debug|Any CPU
		{4A02C7F8-41D4-4DEF-A90D-9B342A504EF6}.Debug|Any CPU.Build.0 = Debug|Any CPU
		{4A02C7F8-41D4-4DEF-A90D-9B342A504EF6}.Release|Any CPU.ActiveCfg = Release|Any CPU
		{4A02C7F8-41D4-4DEF-A90D-9B342A504EF6}.Release|Any CPU.Build.0 = Release|Any CPU
	EndGlobalSection
	GlobalSection(SolutionProperties) = preSolution
		HideSolutionNode = FALSE
	EndGlobalSection
	GlobalSection(ExtensibilityGlobals) = postSolution
		SolutionGuid = {938DE019-3003-49E8-B102-F28D567C2FF9}
	EndGlobalSection
EndGlobal
